
Microsoft Visual Studio Solution File, Format Version 12.00
# Visual Studio 15
Project("{FAE04EC0-301F-11D3-BF4B-00C04F79EFBC}") = "SmartIrrigation", "SmartIrrigation\SmartIrrigation.csproj", "{97DA5B01-3628-43BC-90F8-E5CFC51A10FE}"
EndProject
Global
	GlobalSection(SolutionConfigurationPlatforms) = preSolution
		Debug|Any CPU = Debug|Any CPU
		Release|Any CPU = Release|Any CPU
	EndGlobalSection
	GlobalSection(ProjectConfigurationPlatforms) = postSolution
		{97DA5B01-3628-43BC-90F8-E5CFC51A10FE}.Debug|Any CPU.ActiveCfg = Debug|Any CPU
		{97DA5B01-3628-43BC-90F8-E5CFC51A10FE}.Debug|Any CPU.Build.0 = Debug|Any CPU
		{97DA5B01-3628-43BC-90F8-E5CFC51A10FE}.Release|Any CPU.ActiveCfg = Release|Any CPU
		{97DA5B01-3628-43BC-90F8-E5CFC51A10FE}.Release|Any CPU.Build.0 = Release|Any CPU
	EndGlobalSection
EndGlobal
